{
  "name": "efrei-testing-project",
  "version": "1.0.0",
  "lockfileVersion": 1,
  "requires": true,
  "dependencies": {
    "gatlingjs": {
      "version": "0.0.7",
      "resolved": "https://registry.npmjs.org/gatlingjs/-/gatlingjs-0.0.7.tgz",
      "integrity": "sha1-ySEi5KkxuY+O/rtaS1ByrD2rfKo=",
      "dev": true
    }
  }
}
